
Microsoft Visual Studio Solution File, Format Version 12.00
# Visual Studio Version 17
VisualStudioVersion = 17.3.32929.385
MinimumVisualStudioVersion = 10.0.40219.1
Project("{FAE04EC0-301F-11D3-BF4B-00C04F79EFBC}") = "ContosoUniversityRazor", "ContosoUniversityRazor\ContosoUniversityRazor.csproj", "{EA31A1F9-1C65-48B3-9E08-838EBFCD415E}"
EndProject
Global
	GlobalSection(SolutionConfigurationPlatforms) = preSolution
		Debug|Any CPU = Debug|Any CPU
		Release|Any CPU = Release|Any CPU
	EndGlobalSection
	GlobalSection(ProjectConfigurationPlatforms) = postSolution
		{EA31A1F9-1C65-48B3-9E08-838EBFCD415E}.Debug|Any CPU.ActiveCfg = Debug|Any CPU
		{EA31A1F9-1C65-48B3-9E08-838EBFCD415E}.Debug|Any CPU.Build.0 = Debug|Any CPU
		{EA31A1F9-1C65-48B3-9E08-838EBFCD415E}.Release|Any CPU.ActiveCfg = Release|Any CPU
		{EA31A1F9-1C65-48B3-9E08-838EBFCD415E}.Release|Any CPU.Build.0 = Release|Any CPU
	EndGlobalSection
	GlobalSection(SolutionProperties) = preSolution
		HideSolutionNode = FALSE
	EndGlobalSection
	GlobalSection(ExtensibilityGlobals) = postSolution
		SolutionGuid = {5340E34C-DA01-40AD-8D94-4567A0F124F3}
	EndGlobalSection
EndGlobal
